
Microsoft Visual Studio Solution File, Format Version 12.00
# Visual Studio Version 16
VisualStudioVersion = 16.0.32510.428
MinimumVisualStudioVersion = 10.0.40219.1
Project("{FAE04EC0-301F-11D3-BF4B-00C04F79EFBC}") = "SecondTask", "SecondTask\SecondTask.csproj", "{94CC94C3-92E0-40CD-BDBB-F43B42523B3B}"
EndProject
Global
	GlobalSection(SolutionConfigurationPlatforms) = preSolution
		Debug|Any CPU = Debug|Any CPU
		Release|Any CPU = Release|Any CPU
	EndGlobalSection
	GlobalSection(ProjectConfigurationPlatforms) = postSolution
		{94CC94C3-92E0-40CD-BDBB-F43B42523B3B}.Debug|Any CPU.ActiveCfg = Debug|Any CPU
		{94CC94C3-92E0-40CD-BDBB-F43B42523B3B}.Debug|Any CPU.Build.0 = Debug|Any CPU
		{94CC94C3-92E0-40CD-BDBB-F43B42523B3B}.Release|Any CPU.ActiveCfg = Release|Any CPU
		{94CC94C3-92E0-40CD-BDBB-F43B42523B3B}.Release|Any CPU.Build.0 = Release|Any CPU
	EndGlobalSection
	GlobalSection(SolutionProperties) = preSolution
		HideSolutionNode = FALSE
	EndGlobalSection
	GlobalSection(ExtensibilityGlobals) = postSolution
		SolutionGuid = {160EA2C5-1D9B-4014-AD93-83EABFFB7B83}
	EndGlobalSection
EndGlobal
